
Microsoft Visual Studio Solution File, Format Version 12.00
# Visual Studio Version 17
VisualStudioVersion = 17.14.36429.23 d17.14
MinimumVisualStudioVersion = 10.0.40219.1
Project("{FAE04EC0-301F-11D3-BF4B-00C04F79EFBC}") = "SIstema To Do List", "SIstema To Do List\SIstema To Do List.csproj", "{AF27F5D0-3FB0-4349-B2C3-702113A83A93}"
EndProject
Global
	GlobalSection(SolutionConfigurationPlatforms) = preSolution
		Debug|Any CPU = Debug|Any CPU
		Release|Any CPU = Release|Any CPU
	EndGlobalSection
	GlobalSection(ProjectConfigurationPlatforms) = postSolution
		{AF27F5D0-3FB0-4349-B2C3-702113A83A93}.Debug|Any CPU.ActiveCfg = Debug|Any CPU
		{AF27F5D0-3FB0-4349-B2C3-702113A83A93}.Debug|Any CPU.Build.0 = Debug|Any CPU
		{AF27F5D0-3FB0-4349-B2C3-702113A83A93}.Release|Any CPU.ActiveCfg = Release|Any CPU
		{AF27F5D0-3FB0-4349-B2C3-702113A83A93}.Release|Any CPU.Build.0 = Release|Any CPU
	EndGlobalSection
	GlobalSection(SolutionProperties) = preSolution
		HideSolutionNode = FALSE
	EndGlobalSection
	GlobalSection(ExtensibilityGlobals) = postSolution
		SolutionGuid = {16EB0D00-1A02-49C2-8344-2C3C46285AF3}
	EndGlobalSection
EndGlobal
